
Microsoft Visual Studio Solution File, Format Version 12.00
# Visual Studio Version 16
VisualStudioVersion = 16.0.31313.79
MinimumVisualStudioVersion = 10.0.40219.1
Project("{FAE04EC0-301F-11D3-BF4B-00C04F79EFBC}") = "GridBuilder", "GridBuilder.csproj", "{D2F19CAF-0D9D-4DC5-BA5D-982CFE8BF429}"
EndProject
Global
	GlobalSection(SolutionConfigurationPlatforms) = preSolution
		Debug|Any CPU = Debug|Any CPU
		Release|Any CPU = Release|Any CPU
	EndGlobalSection
	GlobalSection(ProjectConfigurationPlatforms) = postSolution
		{D2F19CAF-0D9D-4DC5-BA5D-982CFE8BF429}.Debug|Any CPU.ActiveCfg = Debug|Any CPU
		{D2F19CAF-0D9D-4DC5-BA5D-982CFE8BF429}.Debug|Any CPU.Build.0 = Debug|Any CPU
		{D2F19CAF-0D9D-4DC5-BA5D-982CFE8BF429}.Release|Any CPU.ActiveCfg = Release|Any CPU
		{D2F19CAF-0D9D-4DC5-BA5D-982CFE8BF429}.Release|Any CPU.Build.0 = Release|Any CPU
	EndGlobalSection
	GlobalSection(SolutionProperties) = preSolution
		HideSolutionNode = FALSE
	EndGlobalSection
	GlobalSection(ExtensibilityGlobals) = postSolution
		SolutionGuid = {FE80EA86-4D90-49D7-AAC6-38E1D6F614AB}
	EndGlobalSection
EndGlobal
